
Microsoft Visual Studio Solution File, Format Version 12.00
# Visual Studio 15
VisualStudioVersion = 15.0.28307.902
MinimumVisualStudioVersion = 10.0.40219.1
Project("{FAE04EC0-301F-11D3-BF4B-00C04F79EFBC}") = "DuD_Attributswerte_Generieren", "DuD_Attributswerte_Generieren\DuD_Attributswerte_Generieren.csproj", "{16E13A0D-A0BC-49F7-AE2C-4D30CD2851F0}"
EndProject
Global
	GlobalSection(SolutionConfigurationPlatforms) = preSolution
		Debug|Any CPU = Debug|Any CPU
		Release|Any CPU = Release|Any CPU
	EndGlobalSection
	GlobalSection(ProjectConfigurationPlatforms) = postSolution
		{16E13A0D-A0BC-49F7-AE2C-4D30CD2851F0}.Debug|Any CPU.ActiveCfg = Debug|Any CPU
		{16E13A0D-A0BC-49F7-AE2C-4D30CD2851F0}.Debug|Any CPU.Build.0 = Debug|Any CPU
		{16E13A0D-A0BC-49F7-AE2C-4D30CD2851F0}.Release|Any CPU.ActiveCfg = Release|Any CPU
		{16E13A0D-A0BC-49F7-AE2C-4D30CD2851F0}.Release|Any CPU.Build.0 = Release|Any CPU
	EndGlobalSection
	GlobalSection(SolutionProperties) = preSolution
		HideSolutionNode = FALSE
	EndGlobalSection
	GlobalSection(ExtensibilityGlobals) = postSolution
		SolutionGuid = {493DE5E7-80F1-442F-83A8-E7A749E269C2}
	EndGlobalSection
EndGlobal
